
Microsoft Visual Studio Solution File, Format Version 12.00
# Visual Studio Version 16
VisualStudioVersion = 16.0.30503.244
MinimumVisualStudioVersion = 10.0.40219.1
Project("{FAE04EC0-301F-11D3-BF4B-00C04F79EFBC}") = "practicetest", "practicetest\practicetest.csproj", "{1F03985A-87A7-47AD-A738-78BE8092DE33}"
EndProject
Global
	GlobalSection(SolutionConfigurationPlatforms) = preSolution
		Debug|Any CPU = Debug|Any CPU
		Release|Any CPU = Release|Any CPU
	EndGlobalSection
	GlobalSection(ProjectConfigurationPlatforms) = postSolution
		{1F03985A-87A7-47AD-A738-78BE8092DE33}.Debug|Any CPU.ActiveCfg = Debug|Any CPU
		{1F03985A-87A7-47AD-A738-78BE8092DE33}.Debug|Any CPU.Build.0 = Debug|Any CPU
		{1F03985A-87A7-47AD-A738-78BE8092DE33}.Release|Any CPU.ActiveCfg = Release|Any CPU
		{1F03985A-87A7-47AD-A738-78BE8092DE33}.Release|Any CPU.Build.0 = Release|Any CPU
	EndGlobalSection
	GlobalSection(SolutionProperties) = preSolution
		HideSolutionNode = FALSE
	EndGlobalSection
	GlobalSection(ExtensibilityGlobals) = postSolution
		SolutionGuid = {2CDAC0FC-FB7D-4B42-BB3C-4A99FF2A3DDD}
	EndGlobalSection
EndGlobal
